
Microsoft Visual Studio Solution File, Format Version 12.00
# Visual Studio Version 16
VisualStudioVersion = 16.0.33214.272
MinimumVisualStudioVersion = 10.0.40219.1
Project("{FAE04EC0-301F-11D3-BF4B-00C04F79EFBC}") = "Kursova_GAME", "Kursova_GAME.csproj", "{12003505-04AA-480B-BB14-66339252045E}"
EndProject
Global
	GlobalSection(SolutionConfigurationPlatforms) = preSolution
		Debug|Any CPU = Debug|Any CPU
		Release|Any CPU = Release|Any CPU
	EndGlobalSection
	GlobalSection(ProjectConfigurationPlatforms) = postSolution
		{12003505-04AA-480B-BB14-66339252045E}.Debug|Any CPU.ActiveCfg = Debug|Any CPU
		{12003505-04AA-480B-BB14-66339252045E}.Debug|Any CPU.Build.0 = Debug|Any CPU
		{12003505-04AA-480B-BB14-66339252045E}.Release|Any CPU.ActiveCfg = Release|Any CPU
		{12003505-04AA-480B-BB14-66339252045E}.Release|Any CPU.Build.0 = Release|Any CPU
	EndGlobalSection
	GlobalSection(SolutionProperties) = preSolution
		HideSolutionNode = FALSE
	EndGlobalSection
	GlobalSection(ExtensibilityGlobals) = postSolution
		SolutionGuid = {C9A26736-06A8-4D51-B049-AFB31E269B2F}
	EndGlobalSection
EndGlobal
